
Microsoft Visual Studio Solution File, Format Version 12.00
# Visual Studio Version 16
VisualStudioVersion = 16.0.31229.75
MinimumVisualStudioVersion = 10.0.40219.1
Project("{FAE04EC0-301F-11D3-BF4B-00C04F79EFBC}") = "Variables", "Variables\Variables.csproj", "{9E554D4D-AC06-47A7-A3B3-9C3062982E8D}"
EndProject
Global
	GlobalSection(SolutionConfigurationPlatforms) = preSolution
		Debug|Any CPU = Debug|Any CPU
		Release|Any CPU = Release|Any CPU
	EndGlobalSection
	GlobalSection(ProjectConfigurationPlatforms) = postSolution
		{9E554D4D-AC06-47A7-A3B3-9C3062982E8D}.Debug|Any CPU.ActiveCfg = Debug|Any CPU
		{9E554D4D-AC06-47A7-A3B3-9C3062982E8D}.Debug|Any CPU.Build.0 = Debug|Any CPU
		{9E554D4D-AC06-47A7-A3B3-9C3062982E8D}.Release|Any CPU.ActiveCfg = Release|Any CPU
		{9E554D4D-AC06-47A7-A3B3-9C3062982E8D}.Release|Any CPU.Build.0 = Release|Any CPU
	EndGlobalSection
	GlobalSection(SolutionProperties) = preSolution
		HideSolutionNode = FALSE
	EndGlobalSection
	GlobalSection(ExtensibilityGlobals) = postSolution
		SolutionGuid = {5DE545D8-5A5D-4858-B9AA-F53CA0614992}
	EndGlobalSection
EndGlobal
